
Microsoft Visual Studio Solution File, Format Version 12.00
# Visual Studio 2012
Project("{E24C65DC-7377-472B-9ABA-BC803B73C61A}") = "Sodexo.Web.SisVac", "http://localhost:4123", "{EFB22BA6-E491-4E27-AF1B-19F8FB62806B}"
	ProjectSection(WebsiteProperties) = preProject
		UseIISExpress = "true"
		TargetFrameworkMoniker = ".NETFramework,Version%3Dv4.0"
		Debug.AspNetCompiler.VirtualPath = "/localhost_4123"
		Debug.AspNetCompiler.PhysicalPath = "Sodexo.Web.SisVac\"
		Debug.AspNetCompiler.TargetPath = "PrecompiledWeb\localhost_4123\"
		Debug.AspNetCompiler.Updateable = "true"
		Debug.AspNetCompiler.ForceOverwrite = "true"
		Debug.AspNetCompiler.FixedNames = "false"
		Debug.AspNetCompiler.Debug = "True"
		Release.AspNetCompiler.VirtualPath = "/localhost_4123"
		Release.AspNetCompiler.PhysicalPath = "Sodexo.Web.SisVac\"
		Release.AspNetCompiler.TargetPath = "PrecompiledWeb\localhost_4123\"
		Release.AspNetCompiler.Updateable = "true"
		Release.AspNetCompiler.ForceOverwrite = "true"
		Release.AspNetCompiler.FixedNames = "false"
		Release.AspNetCompiler.Debug = "False"
		SlnRelativePath = "Sodexo.Web.SisVac\"
		DefaultWebSiteLanguage = "Visual C#"
	EndProjectSection
	ProjectSection(ProjectDependencies) = postProject
		{15B3E0D2-6217-493A-A690-158C497F5318} = {15B3E0D2-6217-493A-A690-158C497F5318}
	EndProjectSection
EndProject
Project("{FAE04EC0-301F-11D3-BF4B-00C04F79EFBC}") = "Sodexo.Wcf.SisVac", "Sodexo.Wcf.SisVac\Sodexo.Wcf.SisVac.csproj", "{15B3E0D2-6217-493A-A690-158C497F5318}"
EndProject
Project("{2150E333-8FDC-42A3-9474-1A3956D46DE8}") = "FrontEnd", "FrontEnd", "{5D7833CD-A7F5-4BD2-86A2-E7045B96F683}"
EndProject
Project("{2150E333-8FDC-42A3-9474-1A3956D46DE8}") = "BackEnd", "BackEnd", "{AE626180-5BE2-4DB6-9F87-B2E73C28FEDA}"
EndProject
Project("{FAE04EC0-301F-11D3-BF4B-00C04F79EFBC}") = "Sodexo.BL.SisVac", "Sodexo.BL.SisVac\Sodexo.BL.SisVac.csproj", "{D2728C50-3976-4B85-BB9C-2647738F5229}"
EndProject
Project("{FAE04EC0-301F-11D3-BF4B-00C04F79EFBC}") = "Sodexo.DAL.SisVac", "Sodexo.DAL.SisVac\Sodexo.DAL.SisVac.csproj", "{1F744E5B-2EC7-4CBF-B20C-1B17DEB2C06F}"
EndProject
Project("{2150E333-8FDC-42A3-9474-1A3956D46DE8}") = "Common", "Common", "{21CA12E0-467E-43AF-88C0-02200D31CDC5}"
EndProject
Project("{2150E333-8FDC-42A3-9474-1A3956D46DE8}") = "Service", "Service", "{8C74A9F4-BF84-4CCB-BF4A-33C3496B7C1D}"
EndProject
Project("{FAE04EC0-301F-11D3-BF4B-00C04F79EFBC}") = "Factory.Shared.Library", "Factory.Shared.Library\Factory.Shared.Library.csproj", "{C6774DB6-1C71-47B3-9566-586421C3678D}"
EndProject
Project("{FAE04EC0-301F-11D3-BF4B-00C04F79EFBC}") = "Sodexo.Core.SisVac", "Sodexo.Core.SisVac\Sodexo.Core.SisVac.csproj", "{E85969B5-C843-4591-92C7-09DC4C09896A}"
EndProject
Project("{FAE04EC0-301F-11D3-BF4B-00C04F79EFBC}") = "Sodexo.BE.SisVac", "Sodexo.BE.SisVac\Sodexo.BE.SisVac.csproj", "{8CF5A250-A977-4E7E-97D2-42C007EFA602}"
EndProject
Global
	GlobalSection(SolutionConfigurationPlatforms) = preSolution
		Debug|Any CPU = Debug|Any CPU
		Release|Any CPU = Release|Any CPU
	EndGlobalSection
	GlobalSection(ProjectConfigurationPlatforms) = postSolution
		{EFB22BA6-E491-4E27-AF1B-19F8FB62806B}.Debug|Any CPU.ActiveCfg = Debug|Any CPU
		{EFB22BA6-E491-4E27-AF1B-19F8FB62806B}.Debug|Any CPU.Build.0 = Debug|Any CPU
		{EFB22BA6-E491-4E27-AF1B-19F8FB62806B}.Release|Any CPU.ActiveCfg = Debug|Any CPU
		{EFB22BA6-E491-4E27-AF1B-19F8FB62806B}.Release|Any CPU.Build.0 = Debug|Any CPU
		{15B3E0D2-6217-493A-A690-158C497F5318}.Debug|Any CPU.ActiveCfg = Debug|Any CPU
		{15B3E0D2-6217-493A-A690-158C497F5318}.Debug|Any CPU.Build.0 = Debug|Any CPU
		{15B3E0D2-6217-493A-A690-158C497F5318}.Release|Any CPU.ActiveCfg = Release|Any CPU
		{15B3E0D2-6217-493A-A690-158C497F5318}.Release|Any CPU.Build.0 = Release|Any CPU
		{D2728C50-3976-4B85-BB9C-2647738F5229}.Debug|Any CPU.ActiveCfg = Debug|Any CPU
		{D2728C50-3976-4B85-BB9C-2647738F5229}.Debug|Any CPU.Build.0 = Debug|Any CPU
		{D2728C50-3976-4B85-BB9C-2647738F5229}.Release|Any CPU.ActiveCfg = Release|Any CPU
		{D2728C50-3976-4B85-BB9C-2647738F5229}.Release|Any CPU.Build.0 = Release|Any CPU
		{1F744E5B-2EC7-4CBF-B20C-1B17DEB2C06F}.Debug|Any CPU.ActiveCfg = Debug|Any CPU
		{1F744E5B-2EC7-4CBF-B20C-1B17DEB2C06F}.Debug|Any CPU.Build.0 = Debug|Any CPU
		{1F744E5B-2EC7-4CBF-B20C-1B17DEB2C06F}.Release|Any CPU.ActiveCfg = Release|Any CPU
		{1F744E5B-2EC7-4CBF-B20C-1B17DEB2C06F}.Release|Any CPU.Build.0 = Release|Any CPU
		{C6774DB6-1C71-47B3-9566-586421C3678D}.Debug|Any CPU.ActiveCfg = Debug|Any CPU
		{C6774DB6-1C71-47B3-9566-586421C3678D}.Debug|Any CPU.Build.0 = Debug|Any CPU
		{C6774DB6-1C71-47B3-9566-586421C3678D}.Release|Any CPU.ActiveCfg = Release|Any CPU
		{C6774DB6-1C71-47B3-9566-586421C3678D}.Release|Any CPU.Build.0 = Release|Any CPU
		{E85969B5-C843-4591-92C7-09DC4C09896A}.Debug|Any CPU.ActiveCfg = Debug|Any CPU
		{E85969B5-C843-4591-92C7-09DC4C09896A}.Debug|Any CPU.Build.0 = Debug|Any CPU
		{E85969B5-C843-4591-92C7-09DC4C09896A}.Release|Any CPU.ActiveCfg = Release|Any CPU
		{E85969B5-C843-4591-92C7-09DC4C09896A}.Release|Any CPU.Build.0 = Release|Any CPU
		{8CF5A250-A977-4E7E-97D2-42C007EFA602}.Debug|Any CPU.ActiveCfg = Debug|Any CPU
		{8CF5A250-A977-4E7E-97D2-42C007EFA602}.Debug|Any CPU.Build.0 = Debug|Any CPU
		{8CF5A250-A977-4E7E-97D2-42C007EFA602}.Release|Any CPU.ActiveCfg = Release|Any CPU
		{8CF5A250-A977-4E7E-97D2-42C007EFA602}.Release|Any CPU.Build.0 = Release|Any CPU
	EndGlobalSection
	GlobalSection(SolutionProperties) = preSolution
		HideSolutionNode = FALSE
	EndGlobalSection
	GlobalSection(NestedProjects) = preSolution
		{EFB22BA6-E491-4E27-AF1B-19F8FB62806B} = {5D7833CD-A7F5-4BD2-86A2-E7045B96F683}
		{15B3E0D2-6217-493A-A690-158C497F5318} = {8C74A9F4-BF84-4CCB-BF4A-33C3496B7C1D}
		{D2728C50-3976-4B85-BB9C-2647738F5229} = {AE626180-5BE2-4DB6-9F87-B2E73C28FEDA}
		{1F744E5B-2EC7-4CBF-B20C-1B17DEB2C06F} = {AE626180-5BE2-4DB6-9F87-B2E73C28FEDA}
		{E85969B5-C843-4591-92C7-09DC4C09896A} = {AE626180-5BE2-4DB6-9F87-B2E73C28FEDA}
		{C6774DB6-1C71-47B3-9566-586421C3678D} = {21CA12E0-467E-43AF-88C0-02200D31CDC5}
		{8CF5A250-A977-4E7E-97D2-42C007EFA602} = {21CA12E0-467E-43AF-88C0-02200D31CDC5}
	EndGlobalSection
EndGlobal
